
Microsoft Visual Studio Solution File, Format Version 12.00
# Visual Studio Version 17
VisualStudioVersion = 17.14.36414.22 d17.14
MinimumVisualStudioVersion = 10.0.40219.1
Project("{FAE04EC0-301F-11D3-BF4B-00C04F79EFBC}") = "MovieBox", "MovieBox\MovieBox.csproj", "{07C06E85-6869-4277-872F-05231B695D3A}"
EndProject
Global
	GlobalSection(SolutionConfigurationPlatforms) = preSolution
		Debug|Any CPU = Debug|Any CPU
		Release|Any CPU = Release|Any CPU
	EndGlobalSection
	GlobalSection(ProjectConfigurationPlatforms) = postSolution
		{07C06E85-6869-4277-872F-05231B695D3A}.Debug|Any CPU.ActiveCfg = Debug|Any CPU
		{07C06E85-6869-4277-872F-05231B695D3A}.Debug|Any CPU.Build.0 = Debug|Any CPU
		{07C06E85-6869-4277-872F-05231B695D3A}.Release|Any CPU.ActiveCfg = Release|Any CPU
		{07C06E85-6869-4277-872F-05231B695D3A}.Release|Any CPU.Build.0 = Release|Any CPU
	EndGlobalSection
	GlobalSection(SolutionProperties) = preSolution
		HideSolutionNode = FALSE
	EndGlobalSection
	GlobalSection(ExtensibilityGlobals) = postSolution
		SolutionGuid = {351DD209-4AC5-49EF-9222-284629BF0322}
	EndGlobalSection
EndGlobal
